Microsoft Visual Studio Solution File, Format Version 12.00
# Visual Studio Version 17
VisualStudioVersion = 17.13.35828.75
MinimumVisualStudioVersion = 10.0.40219.1
Project("{FAE04EC0-301F-11D3-BF4B-00C04F79EFBC}") = "Chatbot.SS.AI.AppHost", "Chatbot.SS.AI.AppHost\Chatbot.SS.AI.AppHost.csproj", "{B123EDBC-7438-4AAA-9FB2-FA1ED6A76284}"
EndProject
Project("{FAE04EC0-301F-11D3-BF4B-00C04F79EFBC}") = "Chatbot.SS.AI.ServiceDefaults", "Chatbot.SS.AI.ServiceDefaults\Chatbot.SS.AI.ServiceDefaults.csproj", "{9EA904E9-FD61-9930-0D03-886A552EF830}"
EndProject
Project("{FAE04EC0-301F-11D3-BF4B-00C04F79EFBC}") = "Chatbot.SS.AI.ApiService", "Chatbot.SS.AI.ApiService\Chatbot.SS.AI.ApiService.csproj", "{6B03AF42-5B7F-AD69-BEBA-A32305355F01}"
EndProject
Project("{FAE04EC0-301F-11D3-BF4B-00C04F79EFBC}") = "Chatbot.SS.AI.Web", "Chatbot.SS.AI.Web\Chatbot.SS.AI.Web.csproj", "{516B1C65-C4B4-1B83-0603-2DC6F41C87C4}"
EndProject
Project("{FAE04EC0-301F-11D3-BF4B-00C04F79EFBC}") = "Chatbot.SS.AI.Tests", "Chatbot.SS.AI.Tests\Chatbot.SS.AI.Tests.csproj", "{44B26C9E-1FB6-D3D8-73CE-1746D056014B}"
EndProject
Project("{FAE04EC0-301F-11D3-BF4B-00C04F79EFBC}") = "Chatbos.SS.LoginService", "Chatbos.SS.LoginService\Chatbos.SS.LoginService.csproj", "{641C6BDC-BD24-A08A-CD04-619142C851CF}"
EndProject
Project("{2150E333-8FDC-42A3-9474-1A3956D46DE8}") = "Services", "Services", "{02EA681E-C7D8-13C7-8484-4AC65E1B71E8}"
EndProject
Project("{FAE04EC0-301F-11D3-BF4B-00C04F79EFBC}") = "Chatbot.SS.AI.Web.CS", "Chatbot.SS.AI.Web.CS\Chatbot.SS.AI.Web.CS.csproj", "{54FB63BC-8784-80CC-29B4-6EF7B7314990}"
EndProject
Project("{FAE04EC0-301F-11D3-BF4B-00C04F79EFBC}") = "Chatbot.SS.AI.Entities", "Chatbot.SS.AI.Entities\Chatbot.SS.AI.Entities.csproj", "{F986CD54-D0C1-FA48-95C7-E6BEE82CB146}"
EndProject
Project("{2150E333-8FDC-42A3-9474-1A3956D46DE8}") = "EncryptionLib", "EncryptionLib", "{E7E776C3-8E3C-49C4-98BD-C8113DE393C0}"
EndProject
Project("{2150E333-8FDC-42A3-9474-1A3956D46DE8}") = "AuthorizationLib", "AuthorizationLib", "{21C453A2-45A4-4C67-94B3-A4C1EA283D4E}"
EndProject
Project("{FAE04EC0-301F-11D3-BF4B-00C04F79EFBC}") = "Chatbot.SS.AI.EncryptionLib", "Chatbot.SS.AI.EncryptionLib\Chatbot.SS.AI.EncryptionLib.csproj", "{FA281665-15A6-4032-AD63-B52C3BF27B81}"
EndProject
Project("{FAE04EC0-301F-11D3-BF4B-00C04F79EFBC}") = "Chatbot.SS.AI.AuthorizationLib", "Chatbot.SS.AI.AuthorizationLib\Chatbot.SS.AI.AuthorizationLib.csproj", "{AA474E1A-61A5-4922-9169-1B7A108E58A6}"
EndProject
Global
	GlobalSection(SolutionConfigurationPlatforms) = preSolution
		Debug|Any CPU = Debug|Any CPU
		Release|Any CPU = Release|Any CPU
	EndGlobalSection
	GlobalSection(ProjectConfigurationPlatforms) = postSolution
		{B123EDBC-7438-4AAA-9FB2-FA1ED6A76284}.Debug|Any CPU.ActiveCfg = Debug|Any CPU
		{B123EDBC-7438-4AAA-9FB2-FA1ED6A76284}.Debug|Any CPU.Build.0 = Debug|Any CPU
		{B123EDBC-7438-4AAA-9FB2-FA1ED6A76284}.Release|Any CPU.ActiveCfg = Release|Any CPU
		{B123EDBC-7438-4AAA-9FB2-FA1ED6A76284}.Release|Any CPU.Build.0 = Release|Any CPU
		{9EA904E9-FD61-9930-0D03-886A552EF830}.Debug|Any CPU.ActiveCfg = Debug|Any CPU
		{9EA904E9-FD61-9930-0D03-886A552EF830}.Debug|Any CPU.Build.0 = Debug|Any CPU
		{9EA904E9-FD61-9930-0D03-886A552EF830}.Release|Any CPU.ActiveCfg = Release|Any CPU
		{9EA904E9-FD61-9930-0D03-886A552EF830}.Release|Any CPU.Build.0 = Release|Any CPU
		{6B03AF42-5B7F-AD69-BEBA-A32305355F01}.Debug|Any CPU.ActiveCfg = Debug|Any CPU
		{6B03AF42-5B7F-AD69-BEBA-A32305355F01}.Debug|Any CPU.Build.0 = Debug|Any CPU
		{6B03AF42-5B7F-AD69-BEBA-A32305355F01}.Release|Any CPU.ActiveCfg = Release|Any CPU
		{6B03AF42-5B7F-AD69-BEBA-A32305355F01}.Release|Any CPU.Build.0 = Release|Any CPU
		{516B1C65-C4B4-1B83-0603-2DC6F41C87C4}.Debug|Any CPU.ActiveCfg = Debug|Any CPU
		{516B1C65-C4B4-1B83-0603-2DC6F41C87C4}.Debug|Any CPU.Build.0 = Debug|Any CPU
		{516B1C65-C4B4-1B83-0603-2DC6F41C87C4}.Release|Any CPU.ActiveCfg = Release|Any CPU
		{516B1C65-C4B4-1B83-0603-2DC6F41C87C4}.Release|Any CPU.Build.0 = Release|Any CPU
		{44B26C9E-1FB6-D3D8-73CE-1746D056014B}.Debug|Any CPU.ActiveCfg = Debug|Any CPU
		{44B26C9E-1FB6-D3D8-73CE-1746D056014B}.Debug|Any CPU.Build.0 = Debug|Any CPU
		{44B26C9E-1FB6-D3D8-73CE-1746D056014B}.Release|Any CPU.ActiveCfg = Release|Any CPU
		{44B26C9E-1FB6-D3D8-73CE-1746D056014B}.Release|Any CPU.Build.0 = Release|Any CPU
		{641C6BDC-BD24-A08A-CD04-619142C851CF}.Debug|Any CPU.ActiveCfg = Debug|Any CPU
		{641C6BDC-BD24-A08A-CD04-619142C851CF}.Debug|Any CPU.Build.0 = Debug|Any CPU
		{641C6BDC-BD24-A08A-CD04-619142C851CF}.Release|Any CPU.ActiveCfg = Release|Any CPU
		{641C6BDC-BD24-A08A-CD04-619142C851CF}.Release|Any CPU.Build.0 = Release|Any CPU
		{54FB63BC-8784-80CC-29B4-6EF7B7314990}.Debug|Any CPU.ActiveCfg = Debug|Any CPU
		{54FB63BC-8784-80CC-29B4-6EF7B7314990}.Debug|Any CPU.Build.0 = Debug|Any CPU
		{54FB63BC-8784-80CC-29B4-6EF7B7314990}.Release|Any CPU.ActiveCfg = Release|Any CPU
		{54FB63BC-8784-80CC-29B4-6EF7B7314990}.Release|Any CPU.Build.0 = Release|Any CPU
		{F986CD54-D0C1-FA48-95C7-E6BEE82CB146}.Debug|Any CPU.ActiveCfg = Debug|Any CPU
		{F986CD54-D0C1-FA48-95C7-E6BEE82CB146}.Debug|Any CPU.Build.0 = Debug|Any CPU
		{F986CD54-D0C1-FA48-95C7-E6BEE82CB146}.Release|Any CPU.ActiveCfg = Release|Any CPU
		{F986CD54-D0C1-FA48-95C7-E6BEE82CB146}.Release|Any CPU.Build.0 = Release|Any CPU
		{FA281665-15A6-4032-AD63-B52C3BF27B81}.Debug|Any CPU.ActiveCfg = Debug|Any CPU
		{FA281665-15A6-4032-AD63-B52C3BF27B81}.Debug|Any CPU.Build.0 = Debug|Any CPU
		{FA281665-15A6-4032-AD63-B52C3BF27B81}.Release|Any CPU.ActiveCfg = Release|Any CPU
		{FA281665-15A6-4032-AD63-B52C3BF27B81}.Release|Any CPU.Build.0 = Release|Any CPU
		{AA474E1A-61A5-4922-9169-1B7A108E58A6}.Debug|Any CPU.ActiveCfg = Debug|Any CPU
		{AA474E1A-61A5-4922-9169-1B7A108E58A6}.Debug|Any CPU.Build.0 = Debug|Any CPU
		{AA474E1A-61A5-4922-9169-1B7A108E58A6}.Release|Any CPU.ActiveCfg = Release|Any CPU
		{AA474E1A-61A5-4922-9169-1B7A108E58A6}.Release|Any CPU.Build.0 = Release|Any CPU
	EndGlobalSection
	GlobalSection(SolutionProperties) = preSolution
		HideSolutionNode = FALSE
	EndGlobalSection
	GlobalSection(NestedProjects) = preSolution
		{641C6BDC-BD24-A08A-CD04-619142C851CF} = {02EA681E-C7D8-13C7-8484-4AC65E1B71E8}
		{FA281665-15A6-4032-AD63-B52C3BF27B81} = {E7E776C3-8E3C-49C4-98BD-C8113DE393C0}
		{AA474E1A-61A5-4922-9169-1B7A108E58A6} = {21C453A2-45A4-4C67-94B3-A4C1EA283D4E}
	EndGlobalSection
	GlobalSection(ExtensibilityGlobals) = postSolution
		SolutionGuid = {7AE32E51-8209-4FC6-A3C0-2C0DCF0D0B40}
	EndGlobalSection
EndGlobal
